// !$*UTF8*$!
{
	archiveVersion = 1;
	classes = {
	};
	objectVersion = 46;
	objects = {

/* Begin PBXBuildFile section */
		8D7FE11E1A4E8238008E3666 /* main.m in Sources */ = {isa = PBXBuildFile; fileRef = 8D7FE11D1A4E8238008E3666 /* main.m */; };
		8D7FE1211A4E8238008E3666 /* AppDelegate.m in Sources */ = {isa = PBXBuildFile; fileRef = 8D7FE1201A4E8238008E3666 /* AppDelegate.m */; };
		8D7FE1291A4E8238008E3666 /* Images.xcassets in Resources */ = {isa = PBXBuildFile; fileRef = 8D7FE1281A4E8238008E3666 /* Images.xcassets */; };
		8D7FE12C1A4E8238008E3666 /* LaunchScreen.xib in Resources */ = {isa = PBXBuildFile; fileRef = 8D7FE12A1A4E8238008E3666 /* LaunchScreen.xib */; };
		8D7FE1381A4E8238008E3666 /* JMScrollablePagesTests.m in Sources */ = {isa = PBXBuildFile; fileRef = 8D7FE1371A4E8238008E3666 /* JMScrollablePagesTests.m */; };
		8D7FE1531A4E833C008E3666 /* JMScrollPage.m in Sources */ = {isa = PBXBuildFile; fileRef = 8D7FE1521A4E833C008E3666 /* JMScrollPage.m */; };
		8D7FE1561A4E83B8008E3666 /* JMScrollableView.m in Sources */ = {isa = PBXBuildFile; fileRef = 8D7FE1551A4E83B8008E3666 /* JMScrollableView.m */; };
		8D7FE15D1A4E8498008E3666 /* 1.jpg in Resources */ = {isa = PBXBuildFile; fileRef = 8D7FE1581A4E8498008E3666 /* 1.jpg */; };
		8D7FE15E1A4E8498008E3666 /* 2.jpg in Resources */ = {isa = PBXBuildFile; fileRef = 8D7FE1591A4E8498008E3666 /* 2.jpg */; };
		8D7FE15F1A4E8498008E3666 /* 3.jpg in Resources */ = {isa = PBXBuildFile; fileRef = 8D7FE15A1A4E8498008E3666 /* 3.jpg */; };
		8D7FE1601A4E8498008E3666 /* 4.jpg in Resources */ = {isa = PBXBuildFile; fileRef = 8D7FE15B1A4E8498008E3666 /* 4.jpg */; };
		8D7FE1611A4E8498008E3666 /* 5.jpg in Resources */ = {isa = PBXBuildFile; fileRef = 8D7FE15C1A4E8498008E3666 /* 5.jpg */; };
		8D7FE1651A4E851E008E3666 /* MainViewController.m in Sources */ = {isa = PBXBuildFile; fileRef = 8D7FE1631A4E851E008E3666 /* MainViewController.m */; };
		8D7FE1661A4E851E008E3666 /* MainViewController.xib in Resources */ = {isa = PBXBuildFile; fileRef = 8D7FE1641A4E851E008E3666 /* MainViewController.xib */; };
/* End PBXBuildFile section */

/* Begin PBXContainerItemProxy section */
		8D7FE1321A4E8238008E3666 /* PBXContainerItemProxy */ = {
			isa = PBXContainerItemProxy;
			containerPortal = 8D7FE1101A4E8238008E3666 /* Project object */;
			proxyType = 1;
			remoteGlobalIDString = 8D7FE1171A4E8238008E3666;
			remoteInfo = JMScrollablePages;
		};
/* End PBXContainerItemProxy section */

/* Begin PBXFileReference section */
		8D7FE1181A4E8238008E3666 /* JMScrollablePages.app */ = {isa = PBXFileReference; explicitFileType = wrapper.application; includeInIndex = 0; path = JMScrollablePages.app; sourceTree = BUILT_PRODUCTS_DIR; };
		8D7FE11C1A4E8238008E3666 /* Info.plist */ = {isa = PBXFileReference; lastKnownFileType = text.plist.xml; path = Info.plist; sourceTree = "<group>"; };
		8D7FE11D1A4E8238008E3666 /* main.m */ = {isa = PBXFileReference; lastKnownFileType = sourcecode.c.objc; path = main.m; sourceTree = "<group>"; };
		8D7FE11F1A4E8238008E3666 /* AppDelegate.h */ = {isa = PBXFileReference; lastKnownFileType = sourcecode.c.h; path = AppDelegate.h; sourceTree = "<group>"; };
		8D7FE1201A4E8238008E3666 /* AppDelegate.m */ = {isa = PBXFileReference; lastKnownFileType = sourcecode.c.objc; path = AppDelegate.m; sourceTree = "<group>"; };
		8D7FE1281A4E8238008E3666 /* Images.xcassets */ = {isa = PBXFileReference; lastKnownFileType = folder.assetcatalog; path = Images.xcassets; sourceTree = "<group>"; };
		8D7FE12B1A4E8238008E3666 /* Base */ = {isa = PBXFileReference; lastKnownFileType = file.xib; name = Base; path = Base.lproj/LaunchScreen.xib; sourceTree = "<group>"; };
		8D7FE1311A4E8238008E3666 /* JMScrollablePagesTests.xctest */ = {isa = PBXFileReference; explicitFileType = wrapper.cfbundle; includeInIndex = 0; path = JMScrollablePagesTests.xctest; sourceTree = BUILT_PRODUCTS_DIR; };
		8D7FE1361A4E8238008E3666 /* Info.plist */ = {isa = PBXFileReference; lastKnownFileType = text.plist.xml; path = Info.plist; sourceTree = "<group>"; };
		8D7FE1371A4E8238008E3666 /* JMScrollablePagesTests.m */ = {isa = PBXFileReference; lastKnownFileType = sourcecode.c.objc; path = JMScrollablePagesTests.m; sourceTree = "<group>"; };
		8D7FE1511A4E833C008E3666 /* JMScrollPage.h */ = {isa = PBXFileReference; fileEncoding = 4; lastKnownFileType = sourcecode.c.h; path = JMScrollPage.h; sourceTree = "<group>"; };
		8D7FE1521A4E833C008E3666 /* JMScrollPage.m */ = {isa = PBXFileReference; fileEncoding = 4; lastKnownFileType = sourcecode.c.objc; path = JMScrollPage.m; sourceTree = "<group>"; };
		8D7FE1541A4E83B8008E3666 /* JMScrollableView.h */ = {isa = PBXFileReference; fileEncoding = 4; lastKnownFileType = sourcecode.c.h; path = JMScrollableView.h; sourceTree = "<group>"; };
		8D7FE1551A4E83B8008E3666 /* JMScrollableView.m */ = {isa = PBXFileReference; fileEncoding = 4; lastKnownFileType = sourcecode.c.objc; path = JMScrollableView.m; sourceTree = "<group>"; };
		8D7FE1581A4E8498008E3666 /* 1.jpg */ = {isa = PBXFileReference; lastKnownFileType = image.jpeg; path = 1.jpg; sourceTree = "<group>"; };
		8D7FE1591A4E8498008E3666 /* 2.jpg */ = {isa = PBXFileReference; lastKnownFileType = image.jpeg; path = 2.jpg; sourceTree = "<group>"; };
		8D7FE15A1A4E8498008E3666 /* 3.jpg */ = {isa = PBXFileReference; lastKnownFileType = image.jpeg; path = 3.jpg; sourceTree = "<group>"; };
		8D7FE15B1A4E8498008E3666 /* 4.jpg */ = {isa = PBXFileReference; lastKnownFileType = image.jpeg; path = 4.jpg; sourceTree = "<group>"; };
		8D7FE15C1A4E8498008E3666 /* 5.jpg */ = {isa = PBXFileReference; lastKnownFileType = image.jpeg; path = 5.jpg; sourceTree = "<group>"; };
		8D7FE1621A4E851E008E3666 /* MainViewController.h */ = {isa = PBXFileReference; fileEncoding = 4; lastKnownFileType = sourcecode.c.h; path = MainViewController.h; sourceTree = "<group>"; };
		8D7FE1631A4E851E008E3666 /* MainViewController.m */ = {isa = PBXFileReference; fileEncoding = 4; lastKnownFileType = sourcecode.c.objc; path = MainViewController.m; sourceTree = "<group>"; };
		8D7FE1641A4E851E008E3666 /* MainViewController.xib */ = {isa = PBXFileReference; fileEncoding = 4; lastKnownFileType = file.xib; path = MainViewController.xib; sourceTree = "<group>"; };
/* End PBXFileReference section */

/* Begin PBXFrameworksBuildPhase section */
		8D7FE1151A4E8238008E3666 /* Frameworks */ = {
			isa = PBXFrameworksBuildPhase;
			buildActionMask = 2147483647;
			files = (
			);
			runOnlyForDeploymentPostprocessing = 0;
		};
		8D7FE12E1A4E8238008E3666 /* Frameworks */ = {
			isa = PBXFrameworksBuildPhase;
			buildActionMask = 2147483647;
			files = (
			);
			runOnlyForDeploymentPostprocessing = 0;
		};
/* End PBXFrameworksBuildPhase section */

/* Begin PBXGroup section */
		8D7FE10F1A4E8238008E3666 = {
			isa = PBXGroup;
			children = (
				8D7FE1491A4E8313008E3666 /* Classes */,
				8D7FE11A1A4E8238008E3666 /* JMScrollablePages */,
				8D7FE1341A4E8238008E3666 /* JMScrollablePagesTests */,
				8D7FE1191A4E8238008E3666 /* Products */,
			);
			sourceTree = "<group>";
		};
		8D7FE1191A4E8238008E3666 /* Products */ = {
			isa = PBXGroup;
			children = (
				8D7FE1181A4E8238008E3666 /* JMScrollablePages.app */,
				8D7FE1311A4E8238008E3666 /* JMScrollablePagesTests.xctest */,
			);
			name = Products;
			sourceTree = "<group>";
		};
		8D7FE11A1A4E8238008E3666 /* JMScrollablePages */ = {
			isa = PBXGroup;
			children = (
				8D7FE11F1A4E8238008E3666 /* AppDelegate.h */,
				8D7FE1201A4E8238008E3666 /* AppDelegate.m */,
				8D7FE1621A4E851E008E3666 /* MainViewController.h */,
				8D7FE1631A4E851E008E3666 /* MainViewController.m */,
				8D7FE1641A4E851E008E3666 /* MainViewController.xib */,
				8D7FE1571A4E847B008E3666 /* Resources */,
				8D7FE11B1A4E8238008E3666 /* Supporting Files */,
			);
			path = JMScrollablePages;
			sourceTree = "<group>";
		};
		8D7FE11B1A4E8238008E3666 /* Supporting Files */ = {
			isa = PBXGroup;
			children = (
				8D7FE1281A4E8238008E3666 /* Images.xcassets */,
				8D7FE12A1A4E8238008E3666 /* LaunchScreen.xib */,
				8D7FE11C1A4E8238008E3666 /* Info.plist */,
				8D7FE11D1A4E8238008E3666 /* main.m */,
			);
			name = "Supporting Files";
			sourceTree = "<group>";
		};
		8D7FE1341A4E8238008E3666 /* JMScrollablePagesTests */ = {
			isa = PBXGroup;
			children = (
				8D7FE1371A4E8238008E3666 /* JMScrollablePagesTests.m */,
				8D7FE1351A4E8238008E3666 /* Supporting Files */,
			);
			path = JMScrollablePagesTests;
			sourceTree = "<group>";
		};
		8D7FE1351A4E8238008E3666 /* Supporting Files */ = {
			isa = PBXGroup;
			children = (
				8D7FE1361A4E8238008E3666 /* Info.plist */,
			);
			name = "Supporting Files";
			sourceTree = "<group>";
		};
		8D7FE1491A4E8313008E3666 /* Classes */ = {
			isa = PBXGroup;
			children = (
				8D7FE14A1A4E8313008E3666 /* JMScrollablePages */,
			);
			path = Classes;
			sourceTree = "<group>";
		};
		8D7FE14A1A4E8313008E3666 /* JMScrollablePages */ = {
			isa = PBXGroup;
			children = (
				8D7FE1511A4E833C008E3666 /* JMScrollPage.h */,
				8D7FE1521A4E833C008E3666 /* JMScrollPage.m */,
				8D7FE1541A4E83B8008E3666 /* JMScrollableView.h */,
				8D7FE1551A4E83B8008E3666 /* JMScrollableView.m */,
			);
			path = JMScrollablePages;
			sourceTree = "<group>";
		};
		8D7FE1571A4E847B008E3666 /* Resources */ = {
			isa = PBXGroup;
			children = (
				8D7FE1581A4E8498008E3666 /* 1.jpg */,
				8D7FE1591A4E8498008E3666 /* 2.jpg */,
				8D7FE15A1A4E8498008E3666 /* 3.jpg */,
				8D7FE15B1A4E8498008E3666 /* 4.jpg */,
				8D7FE15C1A4E8498008E3666 /* 5.jpg */,
			);
			name = Resources;
			sourceTree = "<group>";
		};
/* End PBXGroup section */

/* Begin PBXNativeTarget section */
		8D7FE1171A4E8238008E3666 /* JMScrollablePages */ = {
			isa = PBXNativeTarget;
			buildConfigurationList = 8D7FE13B1A4E8238008E3666 /* Build configuration list for PBXNativeTarget "JMScrollablePages" */;
			buildPhases = (
				8D7FE1141A4E8238008E3666 /* Sources */,
				8D7FE1151A4E8238008E3666 /* Frameworks */,
				8D7FE1161A4E8238008E3666 /* Resources */,
			);
			buildRules = (
			);
			dependencies = (
			);
			name = JMScrollablePages;
			productName = JMScrollablePages;
			productReference = 8D7FE1181A4E8238008E3666 /* JMScrollablePages.app */;
			productType = "com.apple.product-type.application";
		};
		8D7FE1301A4E8238008E3666 /* JMScrollablePagesTests */ = {
			isa = PBXNativeTarget;
			buildConfigurationList = 8D7FE13E1A4E8238008E3666 /* Build configuration list for PBXNativeTarget "JMScrollablePagesTests" */;
			buildPhases = (
				8D7FE12D1A4E8238008E3666 /* Sources */,
				8D7FE12E1A4E8238008E3666 /* Frameworks */,
				8D7FE12F1A4E8238008E3666 /* Resources */,
			);
			buildRules = (
			);
			dependencies = (
				8D7FE1331A4E8238008E3666 /* PBXTargetDependency */,
			);
			name = JMScrollablePagesTests;
			productName = JMScrollablePagesTests;
			productReference = 8D7FE1311A4E8238008E3666 /* JMScrollablePagesTests.xctest */;
			productType = "com.apple.product-type.bundle.unit-test";
		};
/* End PBXNativeTarget section */

/* Begin PBXProject section */
		8D7FE1101A4E8238008E3666 /* Project object */ = {
			isa = PBXProject;
			attributes = {
				LastUpgradeCheck = 0610;
				ORGANIZATIONNAME = Jigar;
				TargetAttributes = {
					8D7FE1171A4E8238008E3666 = {
						CreatedOnToolsVersion = 6.1;
					};
					8D7FE1301A4E8238008E3666 = {
						CreatedOnToolsVersion = 6.1;
						TestTargetID = 8D7FE1171A4E8238008E3666;
					};
				};
			};
			buildConfigurationList = 8D7FE1131A4E8238008E3666 /* Build configuration list for PBXProject "JMScrollablePages" */;
			compatibilityVersion = "Xcode 3.2";
			developmentRegion = English;
			hasScannedForEncodings = 0;
			knownRegions = (
				en,
				Base,
			);
			mainGroup = 8D7FE10F1A4E8238008E3666;
			productRefGroup = 8D7FE1191A4E8238008E3666 /* Products */;
			projectDirPath = "";
			projectRoot = "";
			targets = (
				8D7FE1171A4E8238008E3666 /* JMScrollablePages */,
				8D7FE1301A4E8238008E3666 /* JMScrollablePagesTests */,
			);
		};
/* End PBXProject section */

/* Begin PBXResourcesBuildPhase section */
		8D7FE1161A4E8238008E3666 /* Resources */ = {
			isa = PBXResourcesBuildPhase;
			buildActionMask = 2147483647;
			files = (
				8D7FE1611A4E8498008E3666 /* 5.jpg in Resources */,
				8D7FE1601A4E8498008E3666 /* 4.jpg in Resources */,
				8D7FE15D1A4E8498008E3666 /* 1.jpg in Resources */,
				8D7FE1661A4E851E008E3666 /* MainViewController.xib in Resources */,
				8D7FE15E1A4E8498008E3666 /* 2.jpg in Resources */,
				8D7FE15F1A4E8498008E3666 /* 3.jpg in Resources */,
				8D7FE12C1A4E8238008E3666 /* LaunchScreen.xib in Resources */,
				8D7FE1291A4E8238008E3666 /* Images.xcassets in Resources */,
			);
			runOnlyForDeploymentPostprocessing = 0;
		};
		8D7FE12F1A4E8238008E3666 /* Resources */ = {
			isa = PBXResourcesBuildPhase;
			buildActionMask = 2147483647;
			files = (
			);
			runOnlyForDeploymentPostprocessing = 0;
		};
/* End PBXResourcesBuildPhase section */

/* Begin PBXSourcesBuildPhase section */
		8D7FE1141A4E8238008E3666 /* Sources */ = {
			isa = PBXSourcesBuildPhase;
			buildActionMask = 2147483647;
			files = (
				8D7FE1531A4E833C008E3666 /* JMScrollPage.m in Sources */,
				8D7FE1211A4E8238008E3666 /* AppDelegate.m in Sources */,
				8D7FE11E1A4E8238008E3666 /* main.m in Sources */,
				8D7FE1651A4E851E008E3666 /* MainViewController.m in Sources */,
				8D7FE1561A4E83B8008E3666 /* JMScrollableView.m in Sources */,
			);
			runOnlyForDeploymentPostprocessing = 0;
		};
		8D7FE12D1A4E8238008E3666 /* Sources */ = {
			isa = PBXSourcesBuildPhase;
			buildActionMask = 2147483647;
			files = (
				8D7FE1381A4E8238008E3666 /* JMScrollablePagesTests.m in Sources */,
			);
			runOnlyForDeploymentPostprocessing = 0;
		};
/* End PBXSourcesBuildPhase section */

/* Begin PBXTargetDependency section */
		8D7FE1331A4E8238008E3666 /* PBXTargetDependency */ = {
			isa = PBXTargetDependency;
			target = 8D7FE1171A4E8238008E3666 /* JMScrollablePages */;
			targetProxy = 8D7FE1321A4E8238008E3666 /* PBXContainerItemProxy */;
		};
/* End PBXTargetDependency section */

/* Begin PBXVariantGroup section */
		8D7FE12A1A4E8238008E3666 /* LaunchScreen.xib */ = {
			isa = PBXVariantGroup;
			children = (
				8D7FE12B1A4E8238008E3666 /* Base */,
			);
			name = LaunchScreen.xib;
			sourceTree = "<group>";
		};
/* End PBXVariantGroup section */

/* Begin XCBuildConfiguration section */
		8D7FE1391A4E8238008E3666 /* Debug */ = {
			isa = XCBuildConfiguration;
			buildSettings = {
				ALWAYS_SEARCH_USER_PATHS = NO;
				CLANG_CXX_LANGUAGE_STANDARD = "gnu++0x";
				CLANG_CXX_LIBRARY = "libc++";
				CLANG_ENABLE_MODULES = YES;
				CLANG_ENABLE_OBJC_ARC = YES;
				CLANG_WARN_BOOL_CONVERSION = YES;
				CLANG_WARN_CONSTANT_CONVERSION = YES;
				CLANG_WARN_DIRECT_OBJC_ISA_USAGE = YES_ERROR;
				CLANG_WARN_EMPTY_BODY = YES;
				CLANG_WARN_ENUM_CONVERSION = YES;
				CLANG_WARN_INT_CONVERSION = YES;
				CLANG_WARN_OBJC_ROOT_CLASS = YES_ERROR;
				CLANG_WARN_UNREACHABLE_CODE = YES;
				CLANG_WARN__DUPLICATE_METHOD_MATCH = YES;
				"CODE_SIGN_IDENTITY[sdk=iphoneos*]" = "iPhone Developer";
				COPY_PHASE_STRIP = NO;
				ENABLE_STRICT_OBJC_MSGSEND = YES;
				GCC_C_LANGUAGE_STANDARD = gnu99;
				GCC_DYNAMIC_NO_PIC = NO;
				GCC_OPTIMIZATION_LEVEL = 0;
				GCC_PREPROCESSOR_DEFINITIONS = (
					"DEBUG=1",
					"$(inherited)",
				);
				GCC_SYMBOLS_PRIVATE_EXTERN = NO;
				GCC_WARN_64_TO_32_BIT_CONVERSION = YES;
				GCC_WARN_ABOUT_RETURN_TYPE = YES_ERROR;
				GCC_WARN_UNDECLARED_SELECTOR = YES;
				GCC_WARN_UNINITIALIZED_AUTOS = YES_AGGRESSIVE;
				GCC_WARN_UNUSED_FUNCTION = YES;
				GCC_WARN_UNUSED_VARIABLE = YES;
				IPHONEOS_DEPLOYMENT_TARGET = 8.1;
				MTL_ENABLE_DEBUG_INFO = YES;
				ONLY_ACTIVE_ARCH = YES;
				SDKROOT = iphoneos;
			};
			name = Debug;
		};
		8D7FE13A1A4E8238008E3666 /* Release */ = {
			isa = XCBuildConfiguration;
			buildSettings = {
				ALWAYS_SEARCH_USER_PATHS = NO;
				CLANG_CXX_LANGUAGE_STANDARD = "gnu++0x";
				CLANG_CXX_LIBRARY = "libc++";
				CLANG_ENABLE_MODULES = YES;
				CLANG_ENABLE_OBJC_ARC = YES;
				CLANG_WARN_BOOL_CONVERSION = YES;
				CLANG_WARN_CONSTANT_CONVERSION = YES;
				CLANG_WARN_DIRECT_OBJC_ISA_USAGE = YES_ERROR;
				CLANG_WARN_EMPTY_BODY = YES;
				CLANG_WARN_ENUM_CONVERSION = YES;
				CLANG_WARN_INT_CONVERSION = YES;
				CLANG_WARN_OBJC_ROOT_CLASS = YES_ERROR;
				CLANG_WARN_UNREACHABLE_CODE = YES;
				CLANG_WARN__DUPLICATE_METHOD_MATCH = YES;
				"CODE_SIGN_IDENTITY[sdk=iphoneos*]" = "iPhone Developer";
				COPY_PHASE_STRIP = YES;
				ENABLE_NS_ASSERTIONS = NO;
				ENABLE_STRICT_OBJC_MSGSEND = YES;
				GCC_C_LANGUAGE_STANDARD = gnu99;
				GCC_WARN_64_TO_32_BIT_CONVERSION = YES;
				GCC_WARN_ABOUT_RETURN_TYPE = YES_ERROR;
				GCC_WARN_UNDECLARED_SELECTOR = YES;
				GCC_WARN_UNINITIALIZED_AUTOS = YES_AGGRESSIVE;
				GCC_WARN_UNUSED_FUNCTION = YES;
				GCC_WARN_UNUSED_VARIABLE = YES;
				IPHONEOS_DEPLOYMENT_TARGET = 8.1;
				MTL_ENABLE_DEBUG_INFO = NO;
				SDKROOT = iphoneos;
				VALIDATE_PRODUCT = YES;
			};
			name = Release;
		};
		8D7FE13C1A4E8238008E3666 /* Debug */ = {
			isa = XCBuildConfiguration;
			buildSettings = {
				ASSETCATALOG_COMPILER_APPICON_NAME = AppIcon;
				INFOPLIST_FILE = JMScrollablePages/Info.plist;
				LD_RUNPATH_SEARCH_PATHS = "$(inherited) @executable_path/Frameworks";
				PRODUCT_NAME = "$(TARGET_NAME)";
			};
			name = Debug;
		};
		8D7FE13D1A4E8238008E3666 /* Release */ = {
			isa = XCBuildConfiguration;
			buildSettings = {
				ASSETCATALOG_COMPILER_APPICON_NAME = AppIcon;
				INFOPLIST_FILE = JMScrollablePages/Info.plist;
				LD_RUNPATH_SEARCH_PATHS = "$(inherited) @executable_path/Frameworks";
				PRODUCT_NAME = "$(TARGET_NAME)";
			};
			name = Release;
		};
		8D7FE13F1A4E8238008E3666 /* Debug */ = {
			isa = XCBuildConfiguration;
			buildSettings = {
				BUNDLE_LOADER = "$(TEST_HOST)";
				FRAMEWORK_SEARCH_PATHS = (
					"$(SDKROOT)/Developer/Library/Frameworks",
					"$(inherited)",
				);
				GCC_PREPROCESSOR_DEFINITIONS = (
					"DEBUG=1",
					"$(inherited)",
				);
				INFOPLIST_FILE = JMScrollablePagesTests/Info.plist;
				LD_RUNPATH_SEARCH_PATHS = "$(inherited) @executable_path/Frameworks @loader_path/Frameworks";
				PRODUCT_NAME = "$(TARGET_NAME)";
				TEST_HOST = "$(BUILT_PRODUCTS_DIR)/JMScrollablePages.app/JMScrollablePages";
			};
			name = Debug;
		};
		8D7FE1401A4E8238008E3666 /* Release */ = {
			isa = XCBuildConfiguration;
			buildSettings = {
				BUNDLE_LOADER = "$(TEST_HOST)";
				FRAMEWORK_SEARCH_PATHS = (
					"$(SDKROOT)/Developer/Library/Frameworks",
					"$(inherited)",
				);
				INFOPLIST_FILE = JMScrollablePagesTests/Info.plist;
				LD_RUNPATH_SEARCH_PATHS = "$(inherited) @executable_path/Frameworks @loader_path/Frameworks";
				PRODUCT_NAME = "$(TARGET_NAME)";
				TEST_HOST = "$(BUILT_PRODUCTS_DIR)/JMScrollablePages.app/JMScrollablePages";
			};
			name = Release;
		};
/* End XCBuildConfiguration section */

/* Begin XCConfigurationList section */
		8D7FE1131A4E8238008E3666 /* Build configuration list for PBXProject "JMScrollablePages" */ = {
			isa = XCConfigurationList;
			buildConfigurations = (
				8D7FE1391A4E8238008E3666 /* Debug */,
				8D7FE13A1A4E8238008E3666 /* Release */,
			);
			defaultConfigurationIsVisible = 0;
			defaultConfigurationName = Release;
		};
		8D7FE13B1A4E8238008E3666 /* Build configuration list for PBXNativeTarget "JMScrollablePages" */ = {
			isa = XCConfigurationList;
			buildConfigurations = (
				8D7FE13C1A4E8238008E3666 /* Debug */,
				8D7FE13D1A4E8238008E3666 /* Release */,
			);
			defaultConfigurationIsVisible = 0;
		};
		8D7FE13E1A4E8238008E3666 /* Build configuration list for PBXNativeTarget "JMScrollablePagesTests" */ = {
			isa = XCConfigurationList;
			buildConfigurations = (
				8D7FE13F1A4E8238008E3666 /* Debug */,
				8D7FE1401A4E8238008E3666 /* Release */,
			);
			defaultConfigurationIsVisible = 0;
		};
/* End XCConfigurationList section */
	};
	rootObject = 8D7FE1101A4E8238008E3666 /* Project object */;
}
